
Microsoft Visual Studio Solution File, Format Version 12.00
# Visual Studio 15
VisualStudioVersion = 15.0.28307.539
MinimumVisualStudioVersion = 10.0.40219.1
Project("{FAE04EC0-301F-11D3-BF4B-00C04F79EFBC}") = "WindowsFormsApp3", "WindowsFormsApp3\WindowsFormsApp3.csproj", "{C7A83554-5181-4B52-97D3-8A3A58E30C59}"
EndProject
Global
	GlobalSection(SolutionConfigurationPlatforms) = preSolution
		Debug|Any CPU = Debug|Any CPU
		Release|Any CPU = Release|Any CPU
	EndGlobalSection
	GlobalSection(ProjectConfigurationPlatforms) = postSolution
		{C7A83554-5181-4B52-97D3-8A3A58E30C59}.Debug|Any CPU.ActiveCfg = Debug|Any CPU
		{C7A83554-5181-4B52-97D3-8A3A58E30C59}.Debug|Any CPU.Build.0 = Debug|Any CPU
		{C7A83554-5181-4B52-97D3-8A3A58E30C59}.Release|Any CPU.ActiveCfg = Release|Any CPU
		{C7A83554-5181-4B52-97D3-8A3A58E30C59}.Release|Any CPU.Build.0 = Release|Any CPU
	EndGlobalSection
	GlobalSection(SolutionProperties) = preSolution
		HideSolutionNode = FALSE
	EndGlobalSection
	GlobalSection(ExtensibilityGlobals) = postSolution
		SolutionGuid = {3EC3D809-C24A-429C-A754-A7BE7E24F70E}
	EndGlobalSection
EndGlobal
